<?xml version="1.0" encoding="utf-8"?>
<Project ToolsVersion="4.0" xmlns="http://schemas.microsoft.com/developer/msbuild/2003">
  <ItemGroup>
    <Filter Include="Source Files">
      <UniqueIdentifier>{4FC737F1-C7A5-4376-A066-2A32D752A2FF}</UniqueIdentifier>
      <Extensions>cpp;c;cc;cxx;def;odl;idl;hpj;bat;asm;asmx</Extensions>
    </Filter>
    <Filter Include="Header Files">
      <UniqueIdentifier>{93995380-89BD-4b04-88EB-625FBE52EBFB}</UniqueIdentifier>
      <Extensions>h;hpp;hxx;hm;inl;inc;xsd</Extensions>
    </Filter>
    <Filter Include="Resource Files">
      <UniqueIdentifier>{67DA6AB6-F800-4c08-8B7A-83BB121AAD01}</UniqueIdentifier>
      <Extensions>rc;ico;cur;bmp;dlg;rc2;rct;bin;rgs;gif;jpg;jpeg;jpe;resx;tiff;tif;png;wav;mfcribbon-ms</Extensions>
    </Filter>
    <Filter Include="Driver Files">
      <UniqueIdentifier>{8E41214B-6785-4CFE-B992-037D68949A14}</UniqueIdentifier>
      <Extensions>inf;inv;inx;mof;mc;</Extensions>
    </Filter>
    <Filter Include="Header Files\Features">
      <UniqueIdentifier>{d44523ad-c806-446e-8fdc-234c61ab1b55}</UniqueIdentifier>
    </Filter>
    <Filter Include="Header Files\Helpers">
      <UniqueIdentifier>{1f0a083b-4df6-460e-8bee-9376bae1c603}</UniqueIdentifier>
    </Filter>
    <Filter Include="Header Files\Memory">
      <UniqueIdentifier>{9c78b880-0396-4613-b7ba-a1f3f6d2d362}</UniqueIdentifier>
    </Filter>
    <Filter Include="Source Files\Memory">
      <UniqueIdentifier>{f4e54fbe-575b-4cbb-81fa-cea982ab8aa4}</UniqueIdentifier>
    </Filter>
    <Filter Include="Source Files\Features">
      <UniqueIdentifier>{389f2701-5c36-4755-b684-3f669ec66a81}</UniqueIdentifier>
    </Filter>
    <Filter Include="Source Files\Helpers">
      <UniqueIdentifier>{831566e9-1d4e-4687-a1b4-e10165a7dbef}</UniqueIdentifier>
    </Filter>
  </ItemGroup>
  <ItemGroup>
    <Inf Include="OverflowDriver.inf">
      <Filter>Driver Files</Filter>
    </Inf>
  </ItemGroup>
  <ItemGroup>
    <ClCompile Include="Memory.c">
      <Filter>Source Files\Memory</Filter>
    </ClCompile>
    <ClCompile Include="Driver.c">
      <Filter>Source Files</Filter>
    </ClCompile>
    <ClCompile Include="Globals.c">
      <Filter>Source Files\Helpers</Filter>
    </ClCompile>
    <ClCompile Include="Managers.c">
      <Filter>Source Files\Memory</Filter>
    </ClCompile>
    <ClCompile Include="Misc.c">
      <Filter>Source Files\Features</Filter>
    </ClCompile>
    <ClCompile Include="Cav.c">
      <Filter>Source Files\Features</Filter>
    </ClCompile>
    <ClCompile Include="Chams.c">
      <Filter>Source Files\Features</Filter>
    </ClCompile>
    <ClCompile Include="Outline.c">
      <Filter>Source Files\Features</Filter>
    </ClCompile>
    <ClCompile Include="Camera.c">
      <Filter>Source Files\Helpers</Filter>
    </ClCompile>
    <ClCompile Include="Teleport.c">
      <Filter>Source Files\Features</Filter>
    </ClCompile>
    <ClCompile Include="Clean.c">
      <Filter>Source Files\Helpers</Filter>
    </ClCompile>
    <ClCompile Include="Aimbot.c">
      <Filter>Source Files\Features</Filter>
    </ClCompile>
  </ItemGroup>
  <ItemGroup>
    <ClInclude Include="Helpers.h">
      <Filter>Header Files\Helpers</Filter>
    </ClInclude>
    <ClInclude Include="Dependencies.h">
      <Filter>Header Files\Helpers</Filter>
    </ClInclude>
    <ClInclude Include="Memory.h">
      <Filter>Header Files\Memory</Filter>
    </ClInclude>
    <ClInclude Include="Managers.h">
      <Filter>Header Files\Memory</Filter>
    </ClInclude>
    <ClInclude Include="Offsets.h">
      <Filter>Header Files\Memory</Filter>
    </ClInclude>
    <ClInclude Include="Features.h">
      <Filter>Header Files\Features</Filter>
    </ClInclude>
    <ClInclude Include="Camera.h">
      <Filter>Header Files\Helpers</Filter>
    </ClInclude>
    <ClInclude Include="Clean.h">
      <Filter>Header Files\Helpers</Filter>
    </ClInclude>
    <ClInclude Include="Settings.h">
      <Filter>Header Files\Memory</Filter>
    </ClInclude>
  </ItemGroup>
</Project>